
Microsoft Visual Studio Solution File, Format Version 12.00
# Visual Studio Version 17
VisualStudioVersion = 17.11.35303.130
MinimumVisualStudioVersion = 10.0.40219.1
Project("{FAE04EC0-301F-11D3-BF4B-00C04F79EFBC}") = "PamelloV7.Server", "PamelloV7.Server\PamelloV7.Server.csproj", "{BF2728DC-70D1-4742-A9CB-81D1F2BACDCE}"
EndProject
Project("{FAE04EC0-301F-11D3-BF4B-00C04F79EFBC}") = "PamelloV7.Core", "PamelloV7.Core\PamelloV7.Core.csproj", "{C4EC5CD6-3E7D-4655-8CBE-F75D3282C029}"
EndProject
Project("{FAE04EC0-301F-11D3-BF4B-00C04F79EFBC}") = "PamelloV7.DAL", "PamelloV7.DAL\PamelloV7.DAL.csproj", "{258F6385-284E-49A9-AA06-079D87EBFFF8}"
EndProject
Project("{FAE04EC0-301F-11D3-BF4B-00C04F79EFBC}") = "PamelloV7.Wrapper", "PamelloV7.Wrapper\PamelloV7.Wrapper.csproj", "{D33051D1-A474-4DFF-935C-2DA231CD618B}"
EndProject
Project("{FAE04EC0-301F-11D3-BF4B-00C04F79EFBC}") = "PamelloV7.Tests", "PamelloV7.Tests\PamelloV7.Tests.csproj", "{20801E3F-8C21-45FE-91BE-E411A100E62F}"
EndProject
Project("{2150E333-8FDC-42A3-9474-1A3956D46DE8}") = "Modules", "Modules", "{E34EDB6A-6149-4309-B65C-3C518BA143B3}"
EndProject
Project("{FAE04EC0-301F-11D3-BF4B-00C04F79EFBC}") = "PamelloV7.Module.Marsoau.Base", "Modules\PamelloV7.Module.Marsoau.Base\PamelloV7.Module.Marsoau.Base.csproj", "{C5427969-A884-452F-A56E-D6C447BCCC00}"
EndProject
Project("{FAE04EC0-301F-11D3-BF4B-00C04F79EFBC}") = "PamelloV7.Module.Marsoau.Test", "Modules\PamelloV7.Module.Marsoau.Test\PamelloV7.Module.Marsoau.Test.csproj", "{DFED6C51-1569-4820-8490-8821FC04E48D}"
EndProject
Project("{FAE04EC0-301F-11D3-BF4B-00C04F79EFBC}") = "PamelloV7.Module.Marsoau.Database", "Modules\PamelloV7.Module.Marsoau.Database\PamelloV7.Module.Marsoau.Database.csproj", "{F1EF11A4-F395-47BC-8262-753DED124AD4}"
EndProject
Project("{FAE04EC0-301F-11D3-BF4B-00C04F79EFBC}") = "PamelloV7.Module.Marsoau.PEQL", "Modules\PamelloV7.Module.Marsoau.PEQL\PamelloV7.Module.Marsoau.PEQL.csproj", "{894F6FA4-00D5-4276-8064-62B8A5B7429A}"
EndProject
Global
	GlobalSection(SolutionConfigurationPlatforms) = preSolution
		Debug|Any CPU = Debug|Any CPU
		Release|Any CPU = Release|Any CPU
	EndGlobalSection
	GlobalSection(ProjectConfigurationPlatforms) = postSolution
		{BF2728DC-70D1-4742-A9CB-81D1F2BACDCE}.Debug|Any CPU.ActiveCfg = Debug|Any CPU
		{BF2728DC-70D1-4742-A9CB-81D1F2BACDCE}.Debug|Any CPU.Build.0 = Debug|Any CPU
		{BF2728DC-70D1-4742-A9CB-81D1F2BACDCE}.Release|Any CPU.ActiveCfg = Release|Any CPU
		{BF2728DC-70D1-4742-A9CB-81D1F2BACDCE}.Release|Any CPU.Build.0 = Release|Any CPU
		{C4EC5CD6-3E7D-4655-8CBE-F75D3282C029}.Debug|Any CPU.ActiveCfg = Debug|Any CPU
		{C4EC5CD6-3E7D-4655-8CBE-F75D3282C029}.Debug|Any CPU.Build.0 = Debug|Any CPU
		{C4EC5CD6-3E7D-4655-8CBE-F75D3282C029}.Release|Any CPU.ActiveCfg = Release|Any CPU
		{C4EC5CD6-3E7D-4655-8CBE-F75D3282C029}.Release|Any CPU.Build.0 = Release|Any CPU
		{258F6385-284E-49A9-AA06-079D87EBFFF8}.Debug|Any CPU.ActiveCfg = Debug|Any CPU
		{258F6385-284E-49A9-AA06-079D87EBFFF8}.Debug|Any CPU.Build.0 = Debug|Any CPU
		{258F6385-284E-49A9-AA06-079D87EBFFF8}.Release|Any CPU.ActiveCfg = Release|Any CPU
		{258F6385-284E-49A9-AA06-079D87EBFFF8}.Release|Any CPU.Build.0 = Release|Any CPU
		{D33051D1-A474-4DFF-935C-2DA231CD618B}.Debug|Any CPU.ActiveCfg = Debug|Any CPU
		{D33051D1-A474-4DFF-935C-2DA231CD618B}.Debug|Any CPU.Build.0 = Debug|Any CPU
		{D33051D1-A474-4DFF-935C-2DA231CD618B}.Release|Any CPU.ActiveCfg = Release|Any CPU
		{D33051D1-A474-4DFF-935C-2DA231CD618B}.Release|Any CPU.Build.0 = Release|Any CPU
		{20801E3F-8C21-45FE-91BE-E411A100E62F}.Debug|Any CPU.ActiveCfg = Debug|Any CPU
		{20801E3F-8C21-45FE-91BE-E411A100E62F}.Debug|Any CPU.Build.0 = Debug|Any CPU
		{20801E3F-8C21-45FE-91BE-E411A100E62F}.Release|Any CPU.ActiveCfg = Release|Any CPU
		{20801E3F-8C21-45FE-91BE-E411A100E62F}.Release|Any CPU.Build.0 = Release|Any CPU
		{C5427969-A884-452F-A56E-D6C447BCCC00}.Debug|Any CPU.ActiveCfg = Debug|Any CPU
		{C5427969-A884-452F-A56E-D6C447BCCC00}.Debug|Any CPU.Build.0 = Debug|Any CPU
		{C5427969-A884-452F-A56E-D6C447BCCC00}.Release|Any CPU.ActiveCfg = Release|Any CPU
		{C5427969-A884-452F-A56E-D6C447BCCC00}.Release|Any CPU.Build.0 = Release|Any CPU
		{DFED6C51-1569-4820-8490-8821FC04E48D}.Debug|Any CPU.ActiveCfg = Debug|Any CPU
		{DFED6C51-1569-4820-8490-8821FC04E48D}.Debug|Any CPU.Build.0 = Debug|Any CPU
		{DFED6C51-1569-4820-8490-8821FC04E48D}.Release|Any CPU.ActiveCfg = Release|Any CPU
		{DFED6C51-1569-4820-8490-8821FC04E48D}.Release|Any CPU.Build.0 = Release|Any CPU
		{F1EF11A4-F395-47BC-8262-753DED124AD4}.Debug|Any CPU.ActiveCfg = Debug|Any CPU
		{F1EF11A4-F395-47BC-8262-753DED124AD4}.Debug|Any CPU.Build.0 = Debug|Any CPU
		{F1EF11A4-F395-47BC-8262-753DED124AD4}.Release|Any CPU.ActiveCfg = Release|Any CPU
		{F1EF11A4-F395-47BC-8262-753DED124AD4}.Release|Any CPU.Build.0 = Release|Any CPU
		{894F6FA4-00D5-4276-8064-62B8A5B7429A}.Debug|Any CPU.ActiveCfg = Debug|Any CPU
		{894F6FA4-00D5-4276-8064-62B8A5B7429A}.Debug|Any CPU.Build.0 = Debug|Any CPU
		{894F6FA4-00D5-4276-8064-62B8A5B7429A}.Release|Any CPU.ActiveCfg = Release|Any CPU
		{894F6FA4-00D5-4276-8064-62B8A5B7429A}.Release|Any CPU.Build.0 = Release|Any CPU
	EndGlobalSection
	GlobalSection(SolutionProperties) = preSolution
		HideSolutionNode = FALSE
	EndGlobalSection
	GlobalSection(ExtensibilityGlobals) = postSolution
		SolutionGuid = {54571684-3650-4644-88DF-C6ED731F1426}
	EndGlobalSection
	GlobalSection(NestedProjects) = preSolution
		{C5427969-A884-452F-A56E-D6C447BCCC00} = {E34EDB6A-6149-4309-B65C-3C518BA143B3}
		{DFED6C51-1569-4820-8490-8821FC04E48D} = {E34EDB6A-6149-4309-B65C-3C518BA143B3}
		{F1EF11A4-F395-47BC-8262-753DED124AD4} = {E34EDB6A-6149-4309-B65C-3C518BA143B3}
		{894F6FA4-00D5-4276-8064-62B8A5B7429A} = {E34EDB6A-6149-4309-B65C-3C518BA143B3}
	EndGlobalSection
EndGlobal
